
Microsoft Visual Studio Solution File, Format Version 12.00
# Visual Studio Version 16
VisualStudioVersion = 16.0.29609.76
MinimumVisualStudioVersion = 10.0.40219.1
Project("{FAE04EC0-301F-11D3-BF4B-00C04F79EFBC}") = "WindowsFormsApp1", "WindowsFormsApp1\WindowsFormsApp1.csproj", "{1DD7FC8D-EC05-49D0-B72A-B37BC61EC857}"
EndProject
Global
	GlobalSection(SolutionConfigurationPlatforms) = preSolution
		Debug|Any CPU = Debug|Any CPU
		Release|Any CPU = Release|Any CPU
	EndGlobalSection
	GlobalSection(ProjectConfigurationPlatforms) = postSolution
		{1DD7FC8D-EC05-49D0-B72A-B37BC61EC857}.Debug|Any CPU.ActiveCfg = Debug|Any CPU
		{1DD7FC8D-EC05-49D0-B72A-B37BC61EC857}.Debug|Any CPU.Build.0 = Debug|Any CPU
		{1DD7FC8D-EC05-49D0-B72A-B37BC61EC857}.Release|Any CPU.ActiveCfg = Release|Any CPU
		{1DD7FC8D-EC05-49D0-B72A-B37BC61EC857}.Release|Any CPU.Build.0 = Release|Any CPU
	EndGlobalSection
	GlobalSection(SolutionProperties) = preSolution
		HideSolutionNode = FALSE
	EndGlobalSection
	GlobalSection(ExtensibilityGlobals) = postSolution
		SolutionGuid = {E952C5D2-A8EB-46D0-93B1-E8BB2E2039E1}
	EndGlobalSection
EndGlobal
